
Microsoft Visual Studio Solution File, Format Version 12.00
# Visual Studio Version 17
VisualStudioVersion = 17.5.33502.453
MinimumVisualStudioVersion = 10.0.40219.1
Project("{FAE04EC0-301F-11D3-BF4B-00C04F79EFBC}") = "Ej6_19-4-2024", "Ej6_19-4-2024\Ej6_19-4-2024.csproj", "{A649F058-1A83-4DAD-9DE6-F8AF8D734D62}"
EndProject
Global
	GlobalSection(SolutionConfigurationPlatforms) = preSolution
		Debug|Any CPU = Debug|Any CPU
		Release|Any CPU = Release|Any CPU
	EndGlobalSection
	GlobalSection(ProjectConfigurationPlatforms) = postSolution
		{A649F058-1A83-4DAD-9DE6-F8AF8D734D62}.Debug|Any CPU.ActiveCfg = Debug|Any CPU
		{A649F058-1A83-4DAD-9DE6-F8AF8D734D62}.Debug|Any CPU.Build.0 = Debug|Any CPU
		{A649F058-1A83-4DAD-9DE6-F8AF8D734D62}.Release|Any CPU.ActiveCfg = Release|Any CPU
		{A649F058-1A83-4DAD-9DE6-F8AF8D734D62}.Release|Any CPU.Build.0 = Release|Any CPU
	EndGlobalSection
	GlobalSection(SolutionProperties) = preSolution
		HideSolutionNode = FALSE
	EndGlobalSection
	GlobalSection(ExtensibilityGlobals) = postSolution
		SolutionGuid = {12B8CC56-8322-468B-8A41-248D7BAF7232}
	EndGlobalSection
EndGlobal
