
Microsoft Visual Studio Solution File, Format Version 12.00
# Visual Studio Version 17
VisualStudioVersion = 17.7.34009.444
MinimumVisualStudioVersion = 10.0.40219.1
Project("{FAE04EC0-301F-11D3-BF4B-00C04F79EFBC}") = "Ejercicio4_27_3_2024", "Ejercicio4_27_3_2024\Ejercicio4_27_3_2024.csproj", "{9F74D3E4-FCE5-4EAA-B466-7B6A6609D9DE}"
EndProject
Global
	GlobalSection(SolutionConfigurationPlatforms) = preSolution
		Debug|Any CPU = Debug|Any CPU
		Release|Any CPU = Release|Any CPU
	EndGlobalSection
	GlobalSection(ProjectConfigurationPlatforms) = postSolution
		{9F74D3E4-FCE5-4EAA-B466-7B6A6609D9DE}.Debug|Any CPU.ActiveCfg = Debug|Any CPU
		{9F74D3E4-FCE5-4EAA-B466-7B6A6609D9DE}.Debug|Any CPU.Build.0 = Debug|Any CPU
		{9F74D3E4-FCE5-4EAA-B466-7B6A6609D9DE}.Release|Any CPU.ActiveCfg = Release|Any CPU
		{9F74D3E4-FCE5-4EAA-B466-7B6A6609D9DE}.Release|Any CPU.Build.0 = Release|Any CPU
	EndGlobalSection
	GlobalSection(SolutionProperties) = preSolution
		HideSolutionNode = FALSE
	EndGlobalSection
	GlobalSection(ExtensibilityGlobals) = postSolution
		SolutionGuid = {A869C431-D88C-47BD-B0C8-D353D91603AF}
	EndGlobalSection
EndGlobal
