
Microsoft Visual Studio Solution File, Format Version 12.00
# Visual Studio Version 17
VisualStudioVersion = 17.3.32929.385
MinimumVisualStudioVersion = 10.0.40219.1
Project("{FAE04EC0-301F-11D3-BF4B-00C04F79EFBC}") = "concesionarioAPI", "concesionarioAPI\concesionarioAPI.csproj", "{E59395C5-C1D9-4859-8919-41CB5EB1E8F3}"
EndProject
Global
	GlobalSection(SolutionConfigurationPlatforms) = preSolution
		Debug|Any CPU = Debug|Any CPU
		Release|Any CPU = Release|Any CPU
	EndGlobalSection
	GlobalSection(ProjectConfigurationPlatforms) = postSolution
		{E59395C5-C1D9-4859-8919-41CB5EB1E8F3}.Debug|Any CPU.ActiveCfg = Debug|Any CPU
		{E59395C5-C1D9-4859-8919-41CB5EB1E8F3}.Debug|Any CPU.Build.0 = Debug|Any CPU
		{E59395C5-C1D9-4859-8919-41CB5EB1E8F3}.Release|Any CPU.ActiveCfg = Release|Any CPU
		{E59395C5-C1D9-4859-8919-41CB5EB1E8F3}.Release|Any CPU.Build.0 = Release|Any CPU
	EndGlobalSection
	GlobalSection(SolutionProperties) = preSolution
		HideSolutionNode = FALSE
	EndGlobalSection
	GlobalSection(ExtensibilityGlobals) = postSolution
		SolutionGuid = {5457AD37-73D8-4B23-9DBE-46A0DBBD232D}
	EndGlobalSection
EndGlobal
